
Microsoft Visual Studio Solution File, Format Version 12.00
# Visual Studio 15
VisualStudioVersion = 15.0.28010.2041
MinimumVisualStudioVersion = 10.0.40219.1
Project("{FAE04EC0-301F-11D3-BF4B-00C04F79EFBC}") = "WheaterApp", "WheaterApp\WheaterApp.csproj", "{62E6BB3B-EF38-4D88-B908-2ACD32CBDDAF}"
EndProject
Global
	GlobalSection(SolutionConfigurationPlatforms) = preSolution
		Debug|Any CPU = Debug|Any CPU
		Release|Any CPU = Release|Any CPU
	EndGlobalSection
	GlobalSection(ProjectConfigurationPlatforms) = postSolution
		{62E6BB3B-EF38-4D88-B908-2ACD32CBDDAF}.Debug|Any CPU.ActiveCfg = Debug|Any CPU
		{62E6BB3B-EF38-4D88-B908-2ACD32CBDDAF}.Debug|Any CPU.Build.0 = Debug|Any CPU
		{62E6BB3B-EF38-4D88-B908-2ACD32CBDDAF}.Release|Any CPU.ActiveCfg = Release|Any CPU
		{62E6BB3B-EF38-4D88-B908-2ACD32CBDDAF}.Release|Any CPU.Build.0 = Release|Any CPU
	EndGlobalSection
	GlobalSection(SolutionProperties) = preSolution
		HideSolutionNode = FALSE
	EndGlobalSection
	GlobalSection(ExtensibilityGlobals) = postSolution
		SolutionGuid = {0344EA4D-B013-4EA6-864C-C71347DD8BE1}
	EndGlobalSection
EndGlobal
